
Microsoft Visual Studio Solution File, Format Version 12.00
# Visual Studio Version 17
VisualStudioVersion = 17.13.35931.197 d17.13
MinimumVisualStudioVersion = 10.0.40219.1
Project("{FAE04EC0-301F-11D3-BF4B-00C04F79EFBC}") = "LogAnalyzer", "LogAnalyzer\LogAnalyzer.csproj", "{6221CC85-0D57-42B9-B65C-C3F7A66828C0}"
EndProject
Global
	GlobalSection(SolutionConfigurationPlatforms) = preSolution
		Debug|Any CPU = Debug|Any CPU
		Release|Any CPU = Release|Any CPU
	EndGlobalSection
	GlobalSection(ProjectConfigurationPlatforms) = postSolution
		{6221CC85-0D57-42B9-B65C-C3F7A66828C0}.Debug|Any CPU.ActiveCfg = Debug|Any CPU
		{6221CC85-0D57-42B9-B65C-C3F7A66828C0}.Debug|Any CPU.Build.0 = Debug|Any CPU
		{6221CC85-0D57-42B9-B65C-C3F7A66828C0}.Release|Any CPU.ActiveCfg = Release|Any CPU
		{6221CC85-0D57-42B9-B65C-C3F7A66828C0}.Release|Any CPU.Build.0 = Release|Any CPU
	EndGlobalSection
	GlobalSection(SolutionProperties) = preSolution
		HideSolutionNode = FALSE
	EndGlobalSection
	GlobalSection(ExtensibilityGlobals) = postSolution
		SolutionGuid = {721DE177-A7CF-474C-B8DD-AC324DFE2885}
	EndGlobalSection
EndGlobal
